# THIS IS AN AUTOGENERATED FILE. DO NOT EDIT THIS FILE DIRECTLY.
# yarn lockfile v1


"@burger-editor/client@3.5.0-alpha.2":
  version "3.5.0-alpha.2"
  resolved "https://registry.npmjs.org/@burger-editor/client/-/client-3.5.0-alpha.2.tgz"
  integrity sha512-e4Vl2pA7h1v8elGpv63p2SH7xo/Yp7T5YDdV7pNFpL9OAqJ37RzTCu9R/PTa6oPkMb1E3pC4lagCLOJkTRHq9g==
  dependencies:
    "@burger-editor/frozen-patty" "3.5.0-alpha.2"
    baserjs "1.0.0-beta.0"
    core-js "3.49.0"
    jaco "5.0.0"
    jquery "3.7.1"
    semver "7.8.0"

"@burger-editor/css@3.5.0-alpha.2":
  version "3.5.0-alpha.2"
  resolved "https://registry.npmjs.org/@burger-editor/css/-/css-3.5.0-alpha.2.tgz"
  integrity sha512-gK4pFfkaWclmDbml4A8ljVQKslW2ejlnuobR6bBachSyA7gojcPeDWmykcwLlHxlRLaicbWvZC08hnFR7PzZWQ==

"@burger-editor/frozen-patty@3.5.0-alpha.2":
  version "3.5.0-alpha.2"
  resolved "https://registry.npmjs.org/@burger-editor/frozen-patty/-/frozen-patty-3.5.0-alpha.2.tgz"
  integrity sha512-7s9Kdh0Fv4+qddNh3IrMtIC2eizKvVYEk96fLkaKfzYtulh1koz9QhZmqqueicDgXIqdJBSJi3cSFFR4S0BXEw==

"@burger-editor/runtime@3.5.0-alpha.2":
  version "3.5.0-alpha.2"
  resolved "https://registry.npmjs.org/@burger-editor/runtime/-/runtime-3.5.0-alpha.2.tgz"
  integrity sha512-WgZvRF9p4uC5r0eOpPC9c0IDDTRp3tYRirI3N72zkO1ZSMjNFD2tYXiaEw1mB+LEeGegKN43sRAhIx3KUaEGxw==
  dependencies:
    jquery "3.7.1"
    psycle "1.0.0-beta.4"

ansi-styles@^6.2.1:
  version "6.2.1"
  resolved "https://registry.npmjs.org/ansi-styles/-/ansi-styles-6.2.1.tgz"
  integrity sha512-bN798gFfQX+viw3R7yrGWRqnrN2oRkEkUjjl4JNn4E8GxxbjtG3FbrEIIY3l8/hrwUwIeCZvi4QuOTP4MErVug==

baserjs@1.0.0-beta.0:
  version "1.0.0-beta.0"
  resolved "https://registry.npmjs.org/baserjs/-/baserjs-1.0.0-beta.0.tgz"
  integrity sha512-3j7RrIKEVwB1FRQJV1h4L8nCiGI0yrj13Cd60dSqEh4yMlbHX9bYvEOrWMGAh4SEQ/vgOW9OW2Z2U0CkpAompg==
  dependencies:
    bezier-easing "^2.0.3"
    intersection-observer "^0.3.2"
    qs "^6.5.0"

bezier-easing@^2.0.3:
  version "2.1.0"
  resolved "https://registry.npmjs.org/bezier-easing/-/bezier-easing-2.1.0.tgz"
  integrity sha512-gbIqZ/eslnUFC1tjEvtz0sgx+xTK20wDnYMIA27VA04R7w6xxXQPZDbibjA9DTWZRA2CXtwHykkVzlCaAJAZig==

call-bind-apply-helpers@^1.0.1, call-bind-apply-helpers@^1.0.2:
  version "1.0.2"
  resolved "https://registry.npmjs.org/call-bind-apply-helpers/-/call-bind-apply-helpers-1.0.2.tgz"
  integrity sha512-Sp1ablJ0ivDkSzjcaJdxEunN5/XvksFJ2sMBFfq6x0ryhQV/2b/KwFe21cMpmHtPOSij8K99/wSfoEuTObmuMQ==
  dependencies:
    es-errors "^1.3.0"
    function-bind "^1.1.2"

call-bind@^1.0.7:
  version "1.0.7"
  resolved "https://registry.npmjs.org/call-bind/-/call-bind-1.0.7.tgz"
  integrity sha512-GHTSNSYICQ7scH7sZ+M2rFopRoLh8t2bLSW6BbgrtLsahOIB5iyAVJf9GjWK3cYTDaMj4XdBpM1cA6pIS0Kv2w==
  dependencies:
    es-define-property "^1.0.0"
    es-errors "^1.3.0"
    function-bind "^1.1.2"
    get-intrinsic "^1.2.4"
    set-function-length "^1.2.1"

core-js@3.49.0:
  version "3.49.0"
  resolved "https://registry.npmjs.org/core-js/-/core-js-3.49.0.tgz"
  integrity sha512-es1U2+YTtzpwkxVLwAFdSpaIMyQaq0PBgm3YD1W3Qpsn1NAmO3KSgZfu+oGSWVu6NvLHoHCV/aYcsE5wiB7ALg==

cross-spawn@^7.0.6:
  version "7.0.6"
  resolved "https://registry.npmjs.org/cross-spawn/-/cross-spawn-7.0.6.tgz"
  integrity sha512-uV2QOWP2nWzsy2aMp8aRibhi9dlzF5Hgh5SHaB9OiTGEyDTiJJyx0uy51QXdyWbtAHNua4XJzUKca3OzKUd3vA==
  dependencies:
    path-key "^3.1.0"
    shebang-command "^2.0.0"
    which "^2.0.1"

define-data-property@^1.1.2:
  version "1.1.4"
  resolved "https://registry.npmjs.org/define-data-property/-/define-data-property-1.1.4.tgz"
  integrity sha512-rBMvIzlpA8v6E+SJZoo++HAYqsLrkg7MSfIinMPFhmkorw7X+dOXVJQs+QT69zGkzMyfDnIMN2Wid1+NbL3T+A==
  dependencies:
    es-define-property "^1.0.0"
    es-errors "^1.3.0"
    gopd "^1.0.1"

dunder-proto@^1.0.1:
  version "1.0.1"
  resolved "https://registry.npmjs.org/dunder-proto/-/dunder-proto-1.0.1.tgz"
  integrity sha512-KIN/nDJBQRcXw0MLVhZE9iQHmG68qAVIBg9CqmUYjmQIhgij9U5MFvrqkUL5FbtyyzZuOeOt0zdeRe4UY7ct+A==
  dependencies:
    call-bind-apply-helpers "^1.0.1"
    es-errors "^1.3.0"
    gopd "^1.2.0"

es-define-property@^1.0.0, es-define-property@^1.0.1:
  version "1.0.1"
  resolved "https://registry.npmjs.org/es-define-property/-/es-define-property-1.0.1.tgz"
  integrity sha512-e3nRfgfUZ4rNGL232gUgX06QNyyez04KdjFrF+LTRoOXmrOgFKDg4BCdsjW8EnT69eqdYGmRpJwiPVYNrCaW3g==

es-errors@^1.3.0:
  version "1.3.0"
  resolved "https://registry.npmjs.org/es-errors/-/es-errors-1.3.0.tgz"
  integrity sha512-Zf5H2Kxt2xjTvbJvP2ZWLEICxA6j+hAmMzIlypy4xcBg1vKVnx89Wy0GbS+kf5cwCVFFzdCFh2XSCFNULS6csw==

es-object-atoms@^1.0.0, es-object-atoms@^1.1.1:
  version "1.1.2"
  resolved "https://registry.npmjs.org/es-object-atoms/-/es-object-atoms-1.1.2.tgz"
  integrity sha512-HWcBoN6NileqtSydK2FqHbS/LoDd2pqrnQHLyJzBj4kOp/ky2MWMN694xOfkK8/SnUsW2DH7EfyVlydKCsm1Zw==
  dependencies:
    es-errors "^1.3.0"

function-bind@^1.1.2:
  version "1.1.2"
  resolved "https://registry.npmjs.org/function-bind/-/function-bind-1.1.2.tgz"
  integrity sha512-7XHNxH7qX9xG5mIwxkhumTox/MIRNcOgDrxWsMt2pAr23WHp6MrRlN7FBSFpCpr+oVO0F744iUgR82nJMfG2SA==

get-intrinsic@^1.2.3, get-intrinsic@^1.2.4:
  version "1.3.0"
  resolved "https://registry.npmjs.org/get-intrinsic/-/get-intrinsic-1.3.0.tgz"
  integrity sha512-9fSjSaos/fRIVIp+xSJlE6lfwhES7LNtKaCBIamHsjr2na1BiABJPo0mOjjz8GJDURarmCPGqaiVg5mfjb98CQ==
  dependencies:
    call-bind-apply-helpers "^1.0.2"
    es-define-property "^1.0.1"
    es-errors "^1.3.0"
    es-object-atoms "^1.1.1"
    function-bind "^1.1.2"
    get-proto "^1.0.1"
    gopd "^1.2.0"
    has-symbols "^1.1.0"
    hasown "^2.0.2"
    math-intrinsics "^1.1.0"

get-proto@^1.0.1:
  version "1.0.1"
  resolved "https://registry.npmjs.org/get-proto/-/get-proto-1.0.1.tgz"
  integrity sha512-sTSfBjoXBp89JvIKIefqw7U2CCebsc74kiY6awiGogKtoSGbgjYE/G/+l9sF3MWFPNc9IcoOC4ODfKHfxFmp0g==
  dependencies:
    dunder-proto "^1.0.1"
    es-object-atoms "^1.0.0"

gopd@^1.0.1, gopd@^1.2.0:
  version "1.2.0"
  resolved "https://registry.npmjs.org/gopd/-/gopd-1.2.0.tgz"
  integrity sha512-ZUKRh6/kUFoAiTAtTYPZJ3hw9wNxx+BIBOijnlG9PnrJsCcSjs1wyyD6vJpaYtgnzDrKYRSqf3OO6Rfa93xsRg==

has-property-descriptors@^1.0.1:
  version "1.0.2"
  resolved "https://registry.npmjs.org/has-property-descriptors/-/has-property-descriptors-1.0.2.tgz"
  integrity sha512-55JNKuIW+vq4Ke1BjOTjM2YctQIvCT7GFzHwmfZPGo5wnrgkid0YQtnAleFSqumZm4az3n2BS+erby5ipJdgrg==
  dependencies:
    es-define-property "^1.0.0"

has-symbols@^1.1.0:
  version "1.1.0"
  resolved "https://registry.npmjs.org/has-symbols/-/has-symbols-1.1.0.tgz"
  integrity sha512-1cDNdwJ2Jaohmb3sg4OmKaMBwuC48sYni5HUw2DvsC8LjGTLK9h+eb1X6RyuOHe4hT0ULCW68iomhjUoKUqlPQ==

hasown@^2.0.2:
  version "2.0.4"
  resolved "https://registry.npmjs.org/hasown/-/hasown-2.0.4.tgz"
  integrity sha512-T2UbfbBEF32wiepXIsMlTW9+dDYC6wMh/t/vYA4tuOMKqWz/n3vr1NFSxQiyP+zk2mXsoMA/i/7qV6LKut1t1A==
  dependencies:
    function-bind "^1.1.2"

intersection-observer@^0.3.2:
  version "0.3.4"
  resolved "https://registry.npmjs.org/intersection-observer/-/intersection-observer-0.3.4.tgz"
  integrity sha512-a3rv5qljHFk9cobfCUZFfU7FUio7q5WHiAFBl4iYuc4iKjUVuTIPmEWzOBCCU33xZITWGP2SvgAey79DFTN1qA==

isexe@^2.0.0:
  version "2.0.0"
  resolved "https://registry.npmjs.org/isexe/-/isexe-2.0.0.tgz"
  integrity sha512-RHxMLp9lnKHGHRng9QFhRCMbYAcVpn69smSGcq3f36xjgVVWThj4qqLbTLlq7Ssj8B+fIQ1EuCEGI2lKsyQeIw==

isexe@^4.0.0:
  version "4.0.0"
  resolved "https://registry.npmjs.org/isexe/-/isexe-4.0.0.tgz"
  integrity sha512-FFUtZMpoZ8RqHS3XeXEmHWLA4thH+ZxCv2lOiPIn1Xc7CxrqhWzNSDzD+/chS/zbYezmiwWLdQC09JdQKmthOw==

jaco@5.0.0:
  version "5.0.0"
  resolved "https://registry.npmjs.org/jaco/-/jaco-5.0.0.tgz"
  integrity sha512-hrjFU7S1hdnUO1biPv6MchKrDmIIj+N+9118USB7REplSOx/76COXjHFW3DtJ7xLA25LEdsC7+7IAYNO4LWOKA==

jquery@3.7.1:
  version "3.7.1"
  resolved "https://registry.npmjs.org/jquery/-/jquery-3.7.1.tgz"
  integrity sha512-m4avr8yL8kmFN8psrbFFFmB/If14iN5o9nw/NgnnM+kybDJpRsAynV2BsfpTYrTRysYUdADVD7CkUUizgkpLfg==

json-parse-even-better-errors@^6.0.0:
  version "6.0.0"
  resolved "https://registry.npmjs.org/json-parse-even-better-errors/-/json-parse-even-better-errors-6.0.0.tgz"
  integrity sha512-2/8adwnK1/+Fdjyts4r6wSpfANWw8zdNhU9U/Llk59c6O+DjSisPWPykwoL8gZmocP9Dy64S7oie2g+Mia123A==

math-intrinsics@^1.1.0:
  version "1.1.0"
  resolved "https://registry.npmjs.org/math-intrinsics/-/math-intrinsics-1.1.0.tgz"
  integrity sha512-/IXtbwEk5HTPyEwyKX6hGkYXxM9nbj64B+ilVJnC/R6B0pH5G4V3b0pVbL7DBj4tkhBAppbQUlf6F6Xl9LHu1g==

memorystream@^0.3.1:
  version "0.3.1"
  resolved "https://registry.npmjs.org/memorystream/-/memorystream-0.3.1.tgz"
  integrity sha512-S3UwM3yj5mtUSEfP41UZmt/0SCoVYUcU1rkXv+BQ5Ig8ndL4sPoJNBUJERafdPb5jjHJGuMgytgKvKIf58XNBw==

npm-normalize-package-bin@^6.0.0:
  version "6.0.0"
  resolved "https://registry.npmjs.org/npm-normalize-package-bin/-/npm-normalize-package-bin-6.0.0.tgz"
  integrity sha512-tdt4aFn9QamlhdN3HV2D2ccpBwO5/fyjjbXUxYA6uBjyekMZcZvDq0aSj9t5Jo+tih6AYFnt/cuIRn9013e0Uw==

npm-run-all2@9.0.1:
  version "9.0.1"
  resolved "https://registry.npmjs.org/npm-run-all2/-/npm-run-all2-9.0.1.tgz"
  integrity sha512-ZtK8WXZBUA9x0XD6nxYdFLe86FxpkCTq2LiQxzX0LeXQY/vyAigQZXjjj/xfTwgV4Yqe/vYNIq2W09lrHKTcuQ==
  dependencies:
    ansi-styles "^6.2.1"
    cross-spawn "^7.0.6"
    memorystream "^0.3.1"
    picomatch "^4.0.2"
    pidtree "^0.6.0"
    read-package-json-fast "^6.0.0"
    shell-quote "^1.7.3"
    which "^7.0.0"

object-inspect@^1.13.1:
  version "1.13.1"
  resolved "https://registry.npmjs.org/object-inspect/-/object-inspect-1.13.1.tgz"
  integrity sha512-5qoj1RUiKOMsCCNLV1CBiPYE10sziTsnmNxkAI/rZhiD63CF7IqdFGC/XzjWjpSgLf0LxXX3bDFIh0E18f6UhQ==

path-key@^3.1.0:
  version "3.1.1"
  resolved "https://registry.npmjs.org/path-key/-/path-key-3.1.1.tgz"
  integrity sha512-ojmeN0qd+y0jszEtoY48r0Peq5dwMEkIlCOu6Q5f41lfkswXuKtYrhgoTpLnyIcHm24Uhqx+5Tqm2InSwLhE6Q==

picomatch@^4.0.2:
  version "4.0.4"
  resolved "https://registry.npmjs.org/picomatch/-/picomatch-4.0.4.tgz"
  integrity sha512-QP88BAKvMam/3NxH6vj2o21R6MjxZUAd6nlwAS/pnGvN9IVLocLHxGYIzFhg6fUQ+5th6P4dv4eW9jX3DSIj7A==

pidtree@^0.6.0:
  version "0.6.0"
  resolved "https://registry.npmjs.org/pidtree/-/pidtree-0.6.0.tgz"
  integrity sha512-eG2dWTVw5bzqGRztnHExczNxt5VGsE6OwTeCG3fdUf9KBsZzO3R5OIIIzWR+iZA0NtZ+RDVdaoE2dK1cn6jH4g==

psycle@1.0.0-beta.4:
  version "1.0.0-beta.4"
  resolved "https://registry.npmjs.org/psycle/-/psycle-1.0.0-beta.4.tgz"
  integrity sha512-PluoLeJ6LWA96oI2Y9w657fRfRcwjNFX+jOG+Bpocmh5EAaw47QW0CoozdtHJLS0fAvnlda5v9Yh3D1YrZGSRw==

qs@^6.5.0:
  version "6.11.2"
  resolved "https://registry.npmjs.org/qs/-/qs-6.11.2.tgz"
  integrity sha512-tDNIz22aBzCDxLtVH++VnTfzxlfeK5CbqohpSqpJgj1Wg/cQbStNAz3NuqCs5vV+pjBsK4x4pN9HlVh7rcYRiA==
  dependencies:
    side-channel "^1.0.4"

read-package-json-fast@^6.0.0:
  version "6.0.0"
  resolved "https://registry.npmjs.org/read-package-json-fast/-/read-package-json-fast-6.0.0.tgz"
  integrity sha512-PNaGjoCnw9DBA2Kl8D+8po957z778q/HOPuY2u3Bkw/JO3eC8MDx7jn/PgMtSgpcBbs+6UOjDbwReGpXmRvs0g==
  dependencies:
    json-parse-even-better-errors "^6.0.0"
    npm-normalize-package-bin "^6.0.0"

semver@7.8.0:
  version "7.8.0"
  resolved "https://registry.npmjs.org/semver/-/semver-7.8.0.tgz"
  integrity sha512-AcM7dV/5ul4EekoQ29Agm5vri8JNqRyj39o0qpX6vDF2GZrtutZl5RwgD1XnZjiTAfncsJhMI48QQH3sN87YNA==

set-function-length@^1.2.1:
  version "1.2.1"
  resolved "https://registry.npmjs.org/set-function-length/-/set-function-length-1.2.1.tgz"
  integrity sha512-j4t6ccc+VsKwYHso+kElc5neZpjtq9EnRICFZtWyBsLojhmeF/ZBd/elqm22WJh/BziDe/SBiOeAt0m2mfLD0g==
  dependencies:
    define-data-property "^1.1.2"
    es-errors "^1.3.0"
    function-bind "^1.1.2"
    get-intrinsic "^1.2.3"
    gopd "^1.0.1"
    has-property-descriptors "^1.0.1"

shebang-command@^2.0.0:
  version "2.0.0"
  resolved "https://registry.npmjs.org/shebang-command/-/shebang-command-2.0.0.tgz"
  integrity sha512-kHxr2zZpYtdmrN1qDjrrX/Z1rR1kG8Dx+gkpK1G4eXmvXswmcE1hTWBWYUzlraYw1/yZp6YuDY77YtvbN0dmDA==
  dependencies:
    shebang-regex "^3.0.0"

shebang-regex@^3.0.0:
  version "3.0.0"
  resolved "https://registry.npmjs.org/shebang-regex/-/shebang-regex-3.0.0.tgz"
  integrity sha512-7++dFhtcx3353uBaq8DDR4NuxBetBzC7ZQOhmTQInHEd6bSrXdiEyzCvG07Z44UYdLShWUyXt5M/yhz8ekcb1A==

shell-quote@^1.7.3:
  version "1.8.1"
  resolved "https://registry.npmjs.org/shell-quote/-/shell-quote-1.8.1.tgz"
  integrity sha512-6j1W9l1iAs/4xYBI1SYOVZyFcCis9b4KCLQ8fgAGG07QvzaRLVVRQvAy85yNmmZSjYjg4MWh4gNvlPujU/5LpA==

side-channel@^1.0.4:
  version "1.0.6"
  resolved "https://registry.npmjs.org/side-channel/-/side-channel-1.0.6.tgz"
  integrity sha512-fDW/EZ6Q9RiO8eFG8Hj+7u/oW+XrPTIChwCOM2+th2A6OblDtYYIpve9m+KvI9Z4C9qSEXlaGR6bTEYHReuglA==
  dependencies:
    call-bind "^1.0.7"
    es-errors "^1.3.0"
    get-intrinsic "^1.2.4"
    object-inspect "^1.13.1"

which@^2.0.1:
  version "2.0.2"
  resolved "https://registry.npmjs.org/which/-/which-2.0.2.tgz"
  integrity sha512-BLI3Tl1TW3Pvl70l3yq3Y64i+awpwXqsGBYWkkqMtnbXgrMD+yj7rhW0kuEDxzJaYXGjEW5ogapKNMEKNMjibA==
  dependencies:
    isexe "^2.0.0"

which@^7.0.0:
  version "7.0.0"
  resolved "https://registry.npmjs.org/which/-/which-7.0.0.tgz"
  integrity sha512-RancgH2dmbLdHl6LRhEqvklWMgl/Hdnun0Y90KhBOLkMefg8Qa7/Zel8Sm+8HEcP6DEjzsWzpkuBQEZok58isA==
  dependencies:
    isexe "^4.0.0"
